
Microsoft Visual Studio Solution File, Format Version 12.00
# Visual Studio Version 17
VisualStudioVersion = 17.0.31919.166
MinimumVisualStudioVersion = 10.0.40219.1
Project("{FAE04EC0-301F-11D3-BF4B-00C04F79EFBC}") = "Escola_atv", "Escola_atv.csproj", "{AE3672D0-53B5-4965-9C5B-3C6471FC656A}"
EndProject
Global
	GlobalSection(SolutionConfigurationPlatforms) = preSolution
		Debug|Any CPU = Debug|Any CPU
		Release|Any CPU = Release|Any CPU
	EndGlobalSection
	GlobalSection(ProjectConfigurationPlatforms) = postSolution
		{AE3672D0-53B5-4965-9C5B-3C6471FC656A}.Debug|Any CPU.ActiveCfg = Debug|Any CPU
		{AE3672D0-53B5-4965-9C5B-3C6471FC656A}.Debug|Any CPU.Build.0 = Debug|Any CPU
		{AE3672D0-53B5-4965-9C5B-3C6471FC656A}.Release|Any CPU.ActiveCfg = Release|Any CPU
		{AE3672D0-53B5-4965-9C5B-3C6471FC656A}.Release|Any CPU.Build.0 = Release|Any CPU
	EndGlobalSection
	GlobalSection(SolutionProperties) = preSolution
		HideSolutionNode = FALSE
	EndGlobalSection
	GlobalSection(ExtensibilityGlobals) = postSolution
		SolutionGuid = {0934D659-B96E-4712-931B-F7594AC4DF73}
	EndGlobalSection
EndGlobal
